
Microsoft Visual Studio Solution File, Format Version 12.00
# Visual Studio Version 17
VisualStudioVersion = 17.4.33103.184
MinimumVisualStudioVersion = 10.0.40219.1
Project("{9A19103F-16F7-4668-BE54-9A1E7A4F7556}") = "ImageEditor", "ImageEditor\ImageEditor.csproj", "{388385A1-7F80-48D8-855B-ECD47B8F699B}"
EndProject
Project("{9A19103F-16F7-4668-BE54-9A1E7A4F7556}") = "TestUserControl", "TestUserControl\TestUserControl.csproj", "{3F5D2CEC-6FD6-4CDC-990C-9E238F32A5C2}"
EndProject
Project("{FAE04EC0-301F-11D3-BF4B-00C04F79EFBC}") = "MigrationHandler", "MigrationHandler\MigrationHandler.csproj", "{8554FF82-58AC-4B9D-9B9F-732C24B6BD89}"
EndProject
Global
	GlobalSection(SolutionConfigurationPlatforms) = preSolution
		Debug|Any CPU = Debug|Any CPU
		Debug|x64 = Debug|x64
		Debug|x86 = Debug|x86
		Release|Any CPU = Release|Any CPU
		Release|x64 = Release|x64
		Release|x86 = Release|x86
	EndGlobalSection
	GlobalSection(ProjectConfigurationPlatforms) = postSolution
		{388385A1-7F80-48D8-855B-ECD47B8F699B}.Debug|Any CPU.ActiveCfg = Debug|Any CPU
		{388385A1-7F80-48D8-855B-ECD47B8F699B}.Debug|Any CPU.Build.0 = Debug|Any CPU
		{388385A1-7F80-48D8-855B-ECD47B8F699B}.Debug|x64.ActiveCfg = Debug|x64
		{388385A1-7F80-48D8-855B-ECD47B8F699B}.Debug|x64.Build.0 = Debug|x64
		{388385A1-7F80-48D8-855B-ECD47B8F699B}.Debug|x86.ActiveCfg = Debug|x86
		{388385A1-7F80-48D8-855B-ECD47B8F699B}.Debug|x86.Build.0 = Debug|x86
		{388385A1-7F80-48D8-855B-ECD47B8F699B}.Release|Any CPU.ActiveCfg = Release|Any CPU
		{388385A1-7F80-48D8-855B-ECD47B8F699B}.Release|Any CPU.Build.0 = Release|Any CPU
		{388385A1-7F80-48D8-855B-ECD47B8F699B}.Release|x64.ActiveCfg = Release|x64
		{388385A1-7F80-48D8-855B-ECD47B8F699B}.Release|x64.Build.0 = Release|x64
		{388385A1-7F80-48D8-855B-ECD47B8F699B}.Release|x86.ActiveCfg = Release|x86
		{388385A1-7F80-48D8-855B-ECD47B8F699B}.Release|x86.Build.0 = Release|x86
		{3F5D2CEC-6FD6-4CDC-990C-9E238F32A5C2}.Debug|Any CPU.ActiveCfg = Debug|Any CPU
		{3F5D2CEC-6FD6-4CDC-990C-9E238F32A5C2}.Debug|Any CPU.Build.0 = Debug|Any CPU
		{3F5D2CEC-6FD6-4CDC-990C-9E238F32A5C2}.Debug|x64.ActiveCfg = Debug|Any CPU
		{3F5D2CEC-6FD6-4CDC-990C-9E238F32A5C2}.Debug|x64.Build.0 = Debug|Any CPU
		{3F5D2CEC-6FD6-4CDC-990C-9E238F32A5C2}.Debug|x86.ActiveCfg = Debug|x86
		{3F5D2CEC-6FD6-4CDC-990C-9E238F32A5C2}.Debug|x86.Build.0 = Debug|x86
		{3F5D2CEC-6FD6-4CDC-990C-9E238F32A5C2}.Release|Any CPU.ActiveCfg = Release|Any CPU
		{3F5D2CEC-6FD6-4CDC-990C-9E238F32A5C2}.Release|Any CPU.Build.0 = Release|Any CPU
		{3F5D2CEC-6FD6-4CDC-990C-9E238F32A5C2}.Release|x64.ActiveCfg = Release|Any CPU
		{3F5D2CEC-6FD6-4CDC-990C-9E238F32A5C2}.Release|x64.Build.0 = Release|Any CPU
		{3F5D2CEC-6FD6-4CDC-990C-9E238F32A5C2}.Release|x86.ActiveCfg = Release|x86
		{3F5D2CEC-6FD6-4CDC-990C-9E238F32A5C2}.Release|x86.Build.0 = Release|x86
		{8554FF82-58AC-4B9D-9B9F-732C24B6BD89}.Debug|Any CPU.ActiveCfg = Debug|Any CPU
		{8554FF82-58AC-4B9D-9B9F-732C24B6BD89}.Debug|Any CPU.Build.0 = Debug|Any CPU
		{8554FF82-58AC-4B9D-9B9F-732C24B6BD89}.Debug|x64.ActiveCfg = Debug|Any CPU
		{8554FF82-58AC-4B9D-9B9F-732C24B6BD89}.Debug|x64.Build.0 = Debug|Any CPU
		{8554FF82-58AC-4B9D-9B9F-732C24B6BD89}.Debug|x86.ActiveCfg = Debug|Any CPU
		{8554FF82-58AC-4B9D-9B9F-732C24B6BD89}.Debug|x86.Build.0 = Debug|Any CPU
		{8554FF82-58AC-4B9D-9B9F-732C24B6BD89}.Release|Any CPU.ActiveCfg = Release|Any CPU
		{8554FF82-58AC-4B9D-9B9F-732C24B6BD89}.Release|Any CPU.Build.0 = Release|Any CPU
		{8554FF82-58AC-4B9D-9B9F-732C24B6BD89}.Release|x64.ActiveCfg = Release|Any CPU
		{8554FF82-58AC-4B9D-9B9F-732C24B6BD89}.Release|x64.Build.0 = Release|Any CPU
		{8554FF82-58AC-4B9D-9B9F-732C24B6BD89}.Release|x86.ActiveCfg = Release|Any CPU
		{8554FF82-58AC-4B9D-9B9F-732C24B6BD89}.Release|x86.Build.0 = Release|Any CPU
	EndGlobalSection
	GlobalSection(SolutionProperties) = preSolution
		HideSolutionNode = FALSE
	EndGlobalSection
	GlobalSection(ExtensibilityGlobals) = postSolution
		SolutionGuid = {9A2783C0-D604-498C-8739-99BD6342C579}
	EndGlobalSection
EndGlobal
